{
  "name": "game",
  "lockfileVersion": 3,
  "requires": true,
  "packages": {
    "": {
      "dependencies": {
        "@flyover/box2d": "^1.0.1"
      }
    },
    "node_modules/@flyover/box2d": {
      "version": "1.0.1",
      "resolved": "https://registry.npmjs.org/@flyover/box2d/-/box2d-1.0.1.tgz",
      "integrity": "sha512-6qZCV2D7s4W8DJi7w1AhxXrtta+aKyM/LMbYXnnE9ykSqIWTLZKJTJu+CqlylLswdt43IV6irvAy8VzjS+ptOw==",
      "dependencies": {
        "@types/systemjs": "^0.20.6"
      }
    },
    "node_modules/@types/systemjs": {
      "version": "0.20.11",
      "resolved": "https://registry.npmjs.org/@types/systemjs/-/systemjs-0.20.11.tgz",
      "integrity": "sha512-nAengw4zfoZl6jhy42qpRX1U9VbEinRjkyjvr2iDKTTxVt+qK4am4Ef9B8jGxgt9rLCbghu2FSpe7NSXXE5GyA=="
    }
  }
}
