behaviours:
  - type: Transform
    properties:
      x: 0
      y: -0.0
      scaleX: 10
      scaleY: 1
      rotation: 0
  - type: RigidBody
    properties:
      x: 0
      y: -0.0
      type: 0
      gravityScale: 1
  - type: BoxCollider
    properties:
      isSensor: 0
      tag: 'block'
      width: 10000
      height: 100
      centerX: 0
      centerY: 0
children:
  - behaviours:
      - type: Transform
        properties:
          x: -50
          y: -50
          scaleX: 1
          scaleY: 1
          rotation: 0
      - type: ShapeRectRenderer
        properties:
          width: 1000
          height: 100
          color: red
